// !$*UTF8*$!
{
	archiveVersion = 1;
	classes = {
	};
	objectVersion = 46;
	objects = {

/* Begin PBXBuildFile section */
		6828DBBC1C63D296005BB1DA /* AppDelegate.swift in Sources */ = {isa = PBXBuildFile; fileRef = 6828DBBB1C63D296005BB1DA /* AppDelegate.swift */; };
		6828DBBE1C63D296005BB1DA /* ViewController.swift in Sources */ = {isa = PBXBuildFile; fileRef = 6828DBBD1C63D296005BB1DA /* ViewController.swift */; };
		6828DBC11C63D296005BB1DA /* Main.storyboard in Resources */ = {isa = PBXBuildFile; fileRef = 6828DBBF1C63D296005BB1DA /* Main.storyboard */; };
		6828DBC31C63D296005BB1DA /* Assets.xcassets in Resources */ = {isa = PBXBuildFile; fileRef = 6828DBC21C63D296005BB1DA /* Assets.xcassets */; };
		6828DBC61C63D296005BB1DA /* LaunchScreen.storyboard in Resources */ = {isa = PBXBuildFile; fileRef = 6828DBC41C63D296005BB1DA /* LaunchScreen.storyboard */; };
		6828DBD11C63D296005BB1DA /* JSONtoCoreDataTests.swift in Sources */ = {isa = PBXBuildFile; fileRef = 6828DBD01C63D296005BB1DA /* JSONtoCoreDataTests.swift */; };
		6828DBDC1C63D296005BB1DA /* JSONtoCoreDataUITests.swift in Sources */ = {isa = PBXBuildFile; fileRef = 6828DBDB1C63D296005BB1DA /* JSONtoCoreDataUITests.swift */; };
		6828DBF51C63D595005BB1DA /* NetworkController.swift in Sources */ = {isa = PBXBuildFile; fileRef = 6828DBF41C63D595005BB1DA /* NetworkController.swift */; };
		6828DBF71C63D6AB005BB1DA /* PostController.swift in Sources */ = {isa = PBXBuildFile; fileRef = 6828DBF61C63D6AB005BB1DA /* PostController.swift */; };
		68BB59451C63F1E800CF5B29 /* Post.swift in Sources */ = {isa = PBXBuildFile; fileRef = 68BB59421C63F1E800CF5B29 /* Post.swift */; };
		68BB59461C63F1E800CF5B29 /* Post+CoreDataProperties.swift in Sources */ = {isa = PBXBuildFile; fileRef = 68BB59431C63F1E800CF5B29 /* Post+CoreDataProperties.swift */; };
		68BB59471C63F1E800CF5B29 /* Stack.swift in Sources */ = {isa = PBXBuildFile; fileRef = 68BB59441C63F1E800CF5B29 /* Stack.swift */; };
		68BB594A1C63F20100CF5B29 /* Model.xcdatamodeld in Sources */ = {isa = PBXBuildFile; fileRef = 68BB59481C63F20100CF5B29 /* Model.xcdatamodeld */; };
/* End PBXBuildFile section */

/* Begin PBXContainerItemProxy section */
		6828DBCD1C63D296005BB1DA /* PBXContainerItemProxy */ = {
			isa = PBXContainerItemProxy;
			containerPortal = 6828DBB01C63D296005BB1DA /* Project object */;
			proxyType = 1;
			remoteGlobalIDString = 6828DBB71C63D296005BB1DA;
			remoteInfo = JSONtoCoreData;
		};
		6828DBD81C63D296005BB1DA /* PBXContainerItemProxy */ = {
			isa = PBXContainerItemProxy;
			containerPortal = 6828DBB01C63D296005BB1DA /* Project object */;
			proxyType = 1;
			remoteGlobalIDString = 6828DBB71C63D296005BB1DA;
			remoteInfo = JSONtoCoreData;
		};
/* End PBXContainerItemProxy section */

/* Begin PBXFileReference section */
		6828DBB81C63D296005BB1DA /* JSONtoCoreData.app */ = {isa = PBXFileReference; explicitFileType = wrapper.application; includeInIndex = 0; path = JSONtoCoreData.app; sourceTree = BUILT_PRODUCTS_DIR; };
		6828DBBB1C63D296005BB1DA /* AppDelegate.swift */ = {isa = PBXFileReference; lastKnownFileType = sourcecode.swift; path = AppDelegate.swift; sourceTree = "<group>"; };
		6828DBBD1C63D296005BB1DA /* ViewController.swift */ = {isa = PBXFileReference; lastKnownFileType = sourcecode.swift; path = ViewController.swift; sourceTree = "<group>"; };
		6828DBC01C63D296005BB1DA /* Base */ = {isa = PBXFileReference; lastKnownFileType = file.storyboard; name = Base; path = Base.lproj/Main.storyboard; sourceTree = "<group>"; };
		6828DBC21C63D296005BB1DA /* Assets.xcassets */ = {isa = PBXFileReference; lastKnownFileType = folder.assetcatalog; path = Assets.xcassets; sourceTree = "<group>"; };
		6828DBC51C63D296005BB1DA /* Base */ = {isa = PBXFileReference; lastKnownFileType = file.storyboard; name = Base; path = Base.lproj/LaunchScreen.storyboard; sourceTree = "<group>"; };
		6828DBC71C63D296005BB1DA /* Info.plist */ = {isa = PBXFileReference; lastKnownFileType = text.plist.xml; path = Info.plist; sourceTree = "<group>"; };
		6828DBCC1C63D296005BB1DA /* JSONtoCoreDataTests.xctest */ = {isa = PBXFileReference; explicitFileType = wrapper.cfbundle; includeInIndex = 0; path = JSONtoCoreDataTests.xctest; sourceTree = BUILT_PRODUCTS_DIR; };
		6828DBD01C63D296005BB1DA /* JSONtoCoreDataTests.swift */ = {isa = PBXFileReference; lastKnownFileType = sourcecode.swift; path = JSONtoCoreDataTests.swift; sourceTree = "<group>"; };
		6828DBD21C63D296005BB1DA /* Info.plist */ = {isa = PBXFileReference; lastKnownFileType = text.plist.xml; path = Info.plist; sourceTree = "<group>"; };
		6828DBD71C63D296005BB1DA /* JSONtoCoreDataUITests.xctest */ = {isa = PBXFileReference; explicitFileType = wrapper.cfbundle; includeInIndex = 0; path = JSONtoCoreDataUITests.xctest; sourceTree = BUILT_PRODUCTS_DIR; };
		6828DBDB1C63D296005BB1DA /* JSONtoCoreDataUITests.swift */ = {isa = PBXFileReference; lastKnownFileType = sourcecode.swift; path = JSONtoCoreDataUITests.swift; sourceTree = "<group>"; };
		6828DBDD1C63D296005BB1DA /* Info.plist */ = {isa = PBXFileReference; lastKnownFileType = text.plist.xml; path = Info.plist; sourceTree = "<group>"; };
		6828DBF41C63D595005BB1DA /* NetworkController.swift */ = {isa = PBXFileReference; fileEncoding = 4; lastKnownFileType = sourcecode.swift; path = NetworkController.swift; sourceTree = "<group>"; };
		6828DBF61C63D6AB005BB1DA /* PostController.swift */ = {isa = PBXFileReference; fileEncoding = 4; lastKnownFileType = sourcecode.swift; path = PostController.swift; sourceTree = "<group>"; };
		68BB59421C63F1E800CF5B29 /* Post.swift */ = {isa = PBXFileReference; fileEncoding = 4; lastKnownFileType = sourcecode.swift; path = Post.swift; sourceTree = "<group>"; };
		68BB59431C63F1E800CF5B29 /* Post+CoreDataProperties.swift */ = {isa = PBXFileReference; fileEncoding = 4; lastKnownFileType = sourcecode.swift; path = "Post+CoreDataProperties.swift"; sourceTree = "<group>"; };
		68BB59441C63F1E800CF5B29 /* Stack.swift */ = {isa = PBXFileReference; fileEncoding = 4; lastKnownFileType = sourcecode.swift; path = Stack.swift; sourceTree = "<group>"; };
		68BB59491C63F20100CF5B29 /* Model.xcdatamodel */ = {isa = PBXFileReference; lastKnownFileType = wrapper.xcdatamodel; path = Model.xcdatamodel; sourceTree = "<group>"; };
/* End PBXFileReference section */

/* Begin PBXFrameworksBuildPhase section */
		6828DBB51C63D296005BB1DA /* Frameworks */ = {
			isa = PBXFrameworksBuildPhase;
			buildActionMask = 2147483647;
			files = (
			);
			runOnlyForDeploymentPostprocessing = 0;
		};
		6828DBC91C63D296005BB1DA /* Frameworks */ = {
			isa = PBXFrameworksBuildPhase;
			buildActionMask = 2147483647;
			files = (
			);
			runOnlyForDeploymentPostprocessing = 0;
		};
		6828DBD41C63D296005BB1DA /* Frameworks */ = {
			isa = PBXFrameworksBuildPhase;
			buildActionMask = 2147483647;
			files = (
			);
			runOnlyForDeploymentPostprocessing = 0;
		};
/* End PBXFrameworksBuildPhase section */

/* Begin PBXGroup section */
		6828DBAF1C63D296005BB1DA = {
			isa = PBXGroup;
			children = (
				6828DBBA1C63D296005BB1DA /* JSONtoCoreData */,
				6828DBCF1C63D296005BB1DA /* JSONtoCoreDataTests */,
				6828DBDA1C63D296005BB1DA /* JSONtoCoreDataUITests */,
				6828DBB91C63D296005BB1DA /* Products */,
			);
			sourceTree = "<group>";
		};
		6828DBB91C63D296005BB1DA /* Products */ = {
			isa = PBXGroup;
			children = (
				6828DBB81C63D296005BB1DA /* JSONtoCoreData.app */,
				6828DBCC1C63D296005BB1DA /* JSONtoCoreDataTests.xctest */,
				6828DBD71C63D296005BB1DA /* JSONtoCoreDataUITests.xctest */,
			);
			name = Products;
			sourceTree = "<group>";
		};
		6828DBBA1C63D296005BB1DA /* JSONtoCoreData */ = {
			isa = PBXGroup;
			children = (
				6828DBBB1C63D296005BB1DA /* AppDelegate.swift */,
				6828DBBD1C63D296005BB1DA /* ViewController.swift */,
				6828DBF41C63D595005BB1DA /* NetworkController.swift */,
				6828DBF61C63D6AB005BB1DA /* PostController.swift */,
				68BB59421C63F1E800CF5B29 /* Post.swift */,
				68BB59431C63F1E800CF5B29 /* Post+CoreDataProperties.swift */,
				68BB59441C63F1E800CF5B29 /* Stack.swift */,
				68BB59481C63F20100CF5B29 /* Model.xcdatamodeld */,
				6828DBBF1C63D296005BB1DA /* Main.storyboard */,
				6828DBC21C63D296005BB1DA /* Assets.xcassets */,
				6828DBC41C63D296005BB1DA /* LaunchScreen.storyboard */,
				6828DBC71C63D296005BB1DA /* Info.plist */,
			);
			path = JSONtoCoreData;
			sourceTree = "<group>";
		};
		6828DBCF1C63D296005BB1DA /* JSONtoCoreDataTests */ = {
			isa = PBXGroup;
			children = (
				6828DBD01C63D296005BB1DA /* JSONtoCoreDataTests.swift */,
				6828DBD21C63D296005BB1DA /* Info.plist */,
			);
			path = JSONtoCoreDataTests;
			sourceTree = "<group>";
		};
		6828DBDA1C63D296005BB1DA /* JSONtoCoreDataUITests */ = {
			isa = PBXGroup;
			children = (
				6828DBDB1C63D296005BB1DA /* JSONtoCoreDataUITests.swift */,
				6828DBDD1C63D296005BB1DA /* Info.plist */,
			);
			path = JSONtoCoreDataUITests;
			sourceTree = "<group>";
		};
/* End PBXGroup section */

/* Begin PBXNativeTarget section */
		6828DBB71C63D296005BB1DA /* JSONtoCoreData */ = {
			isa = PBXNativeTarget;
			buildConfigurationList = 6828DBE01C63D296005BB1DA /* Build configuration list for PBXNativeTarget "JSONtoCoreData" */;
			buildPhases = (
				6828DBB41C63D296005BB1DA /* Sources */,
				6828DBB51C63D296005BB1DA /* Frameworks */,
				6828DBB61C63D296005BB1DA /* Resources */,
			);
			buildRules = (
			);
			dependencies = (
			);
			name = JSONtoCoreData;
			productName = JSONtoCoreData;
			productReference = 6828DBB81C63D296005BB1DA /* JSONtoCoreData.app */;
			productType = "com.apple.product-type.application";
		};
		6828DBCB1C63D296005BB1DA /* JSONtoCoreDataTests */ = {
			isa = PBXNativeTarget;
			buildConfigurationList = 6828DBE31C63D296005BB1DA /* Build configuration list for PBXNativeTarget "JSONtoCoreDataTests" */;
			buildPhases = (
				6828DBC81C63D296005BB1DA /* Sources */,
				6828DBC91C63D296005BB1DA /* Frameworks */,
				6828DBCA1C63D296005BB1DA /* Resources */,
			);
			buildRules = (
			);
			dependencies = (
				6828DBCE1C63D296005BB1DA /* PBXTargetDependency */,
			);
			name = JSONtoCoreDataTests;
			productName = JSONtoCoreDataTests;
			productReference = 6828DBCC1C63D296005BB1DA /* JSONtoCoreDataTests.xctest */;
			productType = "com.apple.product-type.bundle.unit-test";
		};
		6828DBD61C63D296005BB1DA /* JSONtoCoreDataUITests */ = {
			isa = PBXNativeTarget;
			buildConfigurationList = 6828DBE61C63D296005BB1DA /* Build configuration list for PBXNativeTarget "JSONtoCoreDataUITests" */;
			buildPhases = (
				6828DBD31C63D296005BB1DA /* Sources */,
				6828DBD41C63D296005BB1DA /* Frameworks */,
				6828DBD51C63D296005BB1DA /* Resources */,
			);
			buildRules = (
			);
			dependencies = (
				6828DBD91C63D296005BB1DA /* PBXTargetDependency */,
			);
			name = JSONtoCoreDataUITests;
			productName = JSONtoCoreDataUITests;
			productReference = 6828DBD71C63D296005BB1DA /* JSONtoCoreDataUITests.xctest */;
			productType = "com.apple.product-type.bundle.ui-testing";
		};
/* End PBXNativeTarget section */

/* Begin PBXProject section */
		6828DBB01C63D296005BB1DA /* Project object */ = {
			isa = PBXProject;
			attributes = {
				LastSwiftUpdateCheck = 0720;
				LastUpgradeCheck = 0720;
				ORGANIZATIONNAME = DevMountain;
				TargetAttributes = {
					6828DBB71C63D296005BB1DA = {
						CreatedOnToolsVersion = 7.2;
					};
					6828DBCB1C63D296005BB1DA = {
						CreatedOnToolsVersion = 7.2;
						TestTargetID = 6828DBB71C63D296005BB1DA;
					};
					6828DBD61C63D296005BB1DA = {
						CreatedOnToolsVersion = 7.2;
						TestTargetID = 6828DBB71C63D296005BB1DA;
					};
				};
			};
			buildConfigurationList = 6828DBB31C63D296005BB1DA /* Build configuration list for PBXProject "JSONtoCoreData" */;
			compatibilityVersion = "Xcode 3.2";
			developmentRegion = English;
			hasScannedForEncodings = 0;
			knownRegions = (
				en,
				Base,
			);
			mainGroup = 6828DBAF1C63D296005BB1DA;
			productRefGroup = 6828DBB91C63D296005BB1DA /* Products */;
			projectDirPath = "";
			projectRoot = "";
			targets = (
				6828DBB71C63D296005BB1DA /* JSONtoCoreData */,
				6828DBCB1C63D296005BB1DA /* JSONtoCoreDataTests */,
				6828DBD61C63D296005BB1DA /* JSONtoCoreDataUITests */,
			);
		};
/* End PBXProject section */

/* Begin PBXResourcesBuildPhase section */
		6828DBB61C63D296005BB1DA /* Resources */ = {
			isa = PBXResourcesBuildPhase;
			buildActionMask = 2147483647;
			files = (
				6828DBC61C63D296005BB1DA /* LaunchScreen.storyboard in Resources */,
				6828DBC31C63D296005BB1DA /* Assets.xcassets in Resources */,
				6828DBC11C63D296005BB1DA /* Main.storyboard in Resources */,
			);
			runOnlyForDeploymentPostprocessing = 0;
		};
		6828DBCA1C63D296005BB1DA /* Resources */ = {
			isa = PBXResourcesBuildPhase;
			buildActionMask = 2147483647;
			files = (
			);
			runOnlyForDeploymentPostprocessing = 0;
		};
		6828DBD51C63D296005BB1DA /* Resources */ = {
			isa = PBXResourcesBuildPhase;
			buildActionMask = 2147483647;
			files = (
			);
			runOnlyForDeploymentPostprocessing = 0;
		};
/* End PBXResourcesBuildPhase section */

/* Begin PBXSourcesBuildPhase section */
		6828DBB41C63D296005BB1DA /* Sources */ = {
			isa = PBXSourcesBuildPhase;
			buildActionMask = 2147483647;
			files = (
				6828DBBE1C63D296005BB1DA /* ViewController.swift in Sources */,
				6828DBF71C63D6AB005BB1DA /* PostController.swift in Sources */,
				6828DBBC1C63D296005BB1DA /* AppDelegate.swift in Sources */,
				68BB59451C63F1E800CF5B29 /* Post.swift in Sources */,
				68BB59471C63F1E800CF5B29 /* Stack.swift in Sources */,
				68BB594A1C63F20100CF5B29 /* Model.xcdatamodeld in Sources */,
				68BB59461C63F1E800CF5B29 /* Post+CoreDataProperties.swift in Sources */,
				6828DBF51C63D595005BB1DA /* NetworkController.swift in Sources */,
			);
			runOnlyForDeploymentPostprocessing = 0;
		};
		6828DBC81C63D296005BB1DA /* Sources */ = {
			isa = PBXSourcesBuildPhase;
			buildActionMask = 2147483647;
			files = (
				6828DBD11C63D296005BB1DA /* JSONtoCoreDataTests.swift in Sources */,
			);
			runOnlyForDeploymentPostprocessing = 0;
		};
		6828DBD31C63D296005BB1DA /* Sources */ = {
			isa = PBXSourcesBuildPhase;
			buildActionMask = 2147483647;
			files = (
				6828DBDC1C63D296005BB1DA /* JSONtoCoreDataUITests.swift in Sources */,
			);
			runOnlyForDeploymentPostprocessing = 0;
		};
/* End PBXSourcesBuildPhase section */

/* Begin PBXTargetDependency section */
		6828DBCE1C63D296005BB1DA /* PBXTargetDependency */ = {
			isa = PBXTargetDependency;
			target = 6828DBB71C63D296005BB1DA /* JSONtoCoreData */;
			targetProxy = 6828DBCD1C63D296005BB1DA /* PBXContainerItemProxy */;
		};
		6828DBD91C63D296005BB1DA /* PBXTargetDependency */ = {
			isa = PBXTargetDependency;
			target = 6828DBB71C63D296005BB1DA /* JSONtoCoreData */;
			targetProxy = 6828DBD81C63D296005BB1DA /* PBXContainerItemProxy */;
		};
/* End PBXTargetDependency section */

/* Begin PBXVariantGroup section */
		6828DBBF1C63D296005BB1DA /* Main.storyboard */ = {
			isa = PBXVariantGroup;
			children = (
				6828DBC01C63D296005BB1DA /* Base */,
			);
			name = Main.storyboard;
			sourceTree = "<group>";
		};
		6828DBC41C63D296005BB1DA /* LaunchScreen.storyboard */ = {
			isa = PBXVariantGroup;
			children = (
				6828DBC51C63D296005BB1DA /* Base */,
			);
			name = LaunchScreen.storyboard;
			sourceTree = "<group>";
		};
/* End PBXVariantGroup section */

/* Begin XCBuildConfiguration section */
		6828DBDE1C63D296005BB1DA /* Debug */ = {
			isa = XCBuildConfiguration;
			buildSettings = {
				ALWAYS_SEARCH_USER_PATHS = NO;
				CLANG_CXX_LANGUAGE_STANDARD = "gnu++0x";
				CLANG_CXX_LIBRARY = "libc++";
				CLANG_ENABLE_MODULES = YES;
				CLANG_ENABLE_OBJC_ARC = YES;
				CLANG_WARN_BOOL_CONVERSION = YES;
				CLANG_WARN_CONSTANT_CONVERSION = YES;
				CLANG_WARN_DIRECT_OBJC_ISA_USAGE = YES_ERROR;
				CLANG_WARN_EMPTY_BODY = YES;
				CLANG_WARN_ENUM_CONVERSION = YES;
				CLANG_WARN_INT_CONVERSION = YES;
				CLANG_WARN_OBJC_ROOT_CLASS = YES_ERROR;
				CLANG_WARN_UNREACHABLE_CODE = YES;
				CLANG_WARN__DUPLICATE_METHOD_MATCH = YES;
				"CODE_SIGN_IDENTITY[sdk=iphoneos*]" = "iPhone Developer";
				COPY_PHASE_STRIP = NO;
				DEBUG_INFORMATION_FORMAT = dwarf;
				ENABLE_STRICT_OBJC_MSGSEND = YES;
				ENABLE_TESTABILITY = YES;
				GCC_C_LANGUAGE_STANDARD = gnu99;
				GCC_DYNAMIC_NO_PIC = NO;
				GCC_NO_COMMON_BLOCKS = YES;
				GCC_OPTIMIZATION_LEVEL = 0;
				GCC_PREPROCESSOR_DEFINITIONS = (
					"DEBUG=1",
					"$(inherited)",
				);
				GCC_WARN_64_TO_32_BIT_CONVERSION = YES;
				GCC_WARN_ABOUT_RETURN_TYPE = YES_ERROR;
				GCC_WARN_UNDECLARED_SELECTOR = YES;
				GCC_WARN_UNINITIALIZED_AUTOS = YES_AGGRESSIVE;
				GCC_WARN_UNUSED_FUNCTION = YES;
				GCC_WARN_UNUSED_VARIABLE = YES;
				IPHONEOS_DEPLOYMENT_TARGET = 9.2;
				MTL_ENABLE_DEBUG_INFO = YES;
				ONLY_ACTIVE_ARCH = YES;
				SDKROOT = iphoneos;
				SWIFT_OPTIMIZATION_LEVEL = "-Onone";
				TARGETED_DEVICE_FAMILY = "1,2";
			};
			name = Debug;
		};
		6828DBDF1C63D296005BB1DA /* Release */ = {
			isa = XCBuildConfiguration;
			buildSettings = {
				ALWAYS_SEARCH_USER_PATHS = NO;
				CLANG_CXX_LANGUAGE_STANDARD = "gnu++0x";
				CLANG_CXX_LIBRARY = "libc++";
				CLANG_ENABLE_MODULES = YES;
				CLANG_ENABLE_OBJC_ARC = YES;
				CLANG_WARN_BOOL_CONVERSION = YES;
				CLANG_WARN_CONSTANT_CONVERSION = YES;
				CLANG_WARN_DIRECT_OBJC_ISA_USAGE = YES_ERROR;
				CLANG_WARN_EMPTY_BODY = YES;
				CLANG_WARN_ENUM_CONVERSION = YES;
				CLANG_WARN_INT_CONVERSION = YES;
				CLANG_WARN_OBJC_ROOT_CLASS = YES_ERROR;
				CLANG_WARN_UNREACHABLE_CODE = YES;
				CLANG_WARN__DUPLICATE_METHOD_MATCH = YES;
				"CODE_SIGN_IDENTITY[sdk=iphoneos*]" = "iPhone Developer";
				COPY_PHASE_STRIP = NO;
				DEBUG_INFORMATION_FORMAT = "dwarf-with-dsym";
				ENABLE_NS_ASSERTIONS = NO;
				ENABLE_STRICT_OBJC_MSGSEND = YES;
				GCC_C_LANGUAGE_STANDARD = gnu99;
				GCC_NO_COMMON_BLOCKS = YES;
				GCC_WARN_64_TO_32_BIT_CONVERSION = YES;
				GCC_WARN_ABOUT_RETURN_TYPE = YES_ERROR;
				GCC_WARN_UNDECLARED_SELECTOR = YES;
				GCC_WARN_UNINITIALIZED_AUTOS = YES_AGGRESSIVE;
				GCC_WARN_UNUSED_FUNCTION = YES;
				GCC_WARN_UNUSED_VARIABLE = YES;
				IPHONEOS_DEPLOYMENT_TARGET = 9.2;
				MTL_ENABLE_DEBUG_INFO = NO;
				SDKROOT = iphoneos;
				TARGETED_DEVICE_FAMILY = "1,2";
				VALIDATE_PRODUCT = YES;
			};
			name = Release;
		};
		6828DBE11C63D296005BB1DA /* Debug */ = {
			isa = XCBuildConfiguration;
			buildSettings = {
				ASSETCATALOG_COMPILER_APPICON_NAME = AppIcon;
				INFOPLIST_FILE = JSONtoCoreData/Info.plist;
				LD_RUNPATH_SEARCH_PATHS = "$(inherited) @executable_path/Frameworks";
				PRODUCT_BUNDLE_IDENTIFIER = com.devmtn.JSONtoCoreData;
				PRODUCT_NAME = "$(TARGET_NAME)";
			};
			name = Debug;
		};
		6828DBE21C63D296005BB1DA /* Release */ = {
			isa = XCBuildConfiguration;
			buildSettings = {
				ASSETCATALOG_COMPILER_APPICON_NAME = AppIcon;
				INFOPLIST_FILE = JSONtoCoreData/Info.plist;
				LD_RUNPATH_SEARCH_PATHS = "$(inherited) @executable_path/Frameworks";
				PRODUCT_BUNDLE_IDENTIFIER = com.devmtn.JSONtoCoreData;
				PRODUCT_NAME = "$(TARGET_NAME)";
			};
			name = Release;
		};
		6828DBE41C63D296005BB1DA /* Debug */ = {
			isa = XCBuildConfiguration;
			buildSettings = {
				BUNDLE_LOADER = "$(TEST_HOST)";
				INFOPLIST_FILE = JSONtoCoreDataTests/Info.plist;
				LD_RUNPATH_SEARCH_PATHS = "$(inherited) @executable_path/Frameworks @loader_path/Frameworks";
				PRODUCT_BUNDLE_IDENTIFIER = com.devmtn.JSONtoCoreDataTests;
				PRODUCT_NAME = "$(TARGET_NAME)";
				TEST_HOST = "$(BUILT_PRODUCTS_DIR)/JSONtoCoreData.app/JSONtoCoreData";
			};
			name = Debug;
		};
		6828DBE51C63D296005BB1DA /* Release */ = {
			isa = XCBuildConfiguration;
			buildSettings = {
				BUNDLE_LOADER = "$(TEST_HOST)";
				INFOPLIST_FILE = JSONtoCoreDataTests/Info.plist;
				LD_RUNPATH_SEARCH_PATHS = "$(inherited) @executable_path/Frameworks @loader_path/Frameworks";
				PRODUCT_BUNDLE_IDENTIFIER = com.devmtn.JSONtoCoreDataTests;
				PRODUCT_NAME = "$(TARGET_NAME)";
				TEST_HOST = "$(BUILT_PRODUCTS_DIR)/JSONtoCoreData.app/JSONtoCoreData";
			};
			name = Release;
		};
		6828DBE71C63D296005BB1DA /* Debug */ = {
			isa = XCBuildConfiguration;
			buildSettings = {
				INFOPLIST_FILE = JSONtoCoreDataUITests/Info.plist;
				LD_RUNPATH_SEARCH_PATHS = "$(inherited) @executable_path/Frameworks @loader_path/Frameworks";
				PRODUCT_BUNDLE_IDENTIFIER = com.devmtn.JSONtoCoreDataUITests;
				PRODUCT_NAME = "$(TARGET_NAME)";
				TEST_TARGET_NAME = JSONtoCoreData;
				USES_XCTRUNNER = YES;
			};
			name = Debug;
		};
		6828DBE81C63D296005BB1DA /* Release */ = {
			isa = XCBuildConfiguration;
			buildSettings = {
				INFOPLIST_FILE = JSONtoCoreDataUITests/Info.plist;
				LD_RUNPATH_SEARCH_PATHS = "$(inherited) @executable_path/Frameworks @loader_path/Frameworks";
				PRODUCT_BUNDLE_IDENTIFIER = com.devmtn.JSONtoCoreDataUITests;
				PRODUCT_NAME = "$(TARGET_NAME)";
				TEST_TARGET_NAME = JSONtoCoreData;
				USES_XCTRUNNER = YES;
			};
			name = Release;
		};
/* End XCBuildConfiguration section */

/* Begin XCConfigurationList section */
		6828DBB31C63D296005BB1DA /* Build configuration list for PBXProject "JSONtoCoreData" */ = {
			isa = XCConfigurationList;
			buildConfigurations = (
				6828DBDE1C63D296005BB1DA /* Debug */,
				6828DBDF1C63D296005BB1DA /* Release */,
			);
			defaultConfigurationIsVisible = 0;
			defaultConfigurationName = Release;
		};
		6828DBE01C63D296005BB1DA /* Build configuration list for PBXNativeTarget "JSONtoCoreData" */ = {
			isa = XCConfigurationList;
			buildConfigurations = (
				6828DBE11C63D296005BB1DA /* Debug */,
				6828DBE21C63D296005BB1DA /* Release */,
			);
			defaultConfigurationIsVisible = 0;
			defaultConfigurationName = Release;
		};
		6828DBE31C63D296005BB1DA /* Build configuration list for PBXNativeTarget "JSONtoCoreDataTests" */ = {
			isa = XCConfigurationList;
			buildConfigurations = (
				6828DBE41C63D296005BB1DA /* Debug */,
				6828DBE51C63D296005BB1DA /* Release */,
			);
			defaultConfigurationIsVisible = 0;
			defaultConfigurationName = Release;
		};
		6828DBE61C63D296005BB1DA /* Build configuration list for PBXNativeTarget "JSONtoCoreDataUITests" */ = {
			isa = XCConfigurationList;
			buildConfigurations = (
				6828DBE71C63D296005BB1DA /* Debug */,
				6828DBE81C63D296005BB1DA /* Release */,
			);
			defaultConfigurationIsVisible = 0;
			defaultConfigurationName = Release;
		};
/* End XCConfigurationList section */

/* Begin XCVersionGroup section */
		68BB59481C63F20100CF5B29 /* Model.xcdatamodeld */ = {
			isa = XCVersionGroup;
			children = (
				68BB59491C63F20100CF5B29 /* Model.xcdatamodel */,
			);
			currentVersion = 68BB59491C63F20100CF5B29 /* Model.xcdatamodel */;
			path = Model.xcdatamodeld;
			sourceTree = "<group>";
			versionGroupType = wrapper.xcdatamodel;
		};
/* End XCVersionGroup section */
	};
	rootObject = 6828DBB01C63D296005BB1DA /* Project object */;
}
